<Solution>
  <Project Path="NoBeard.Learn.AspNet.WebApp.API/NoBeard.Learn.AspNet.WebApp.API.csproj" />
  <Project Path="NoBeard.Learn.AspNet.WebApp.Data/NoBeard.Learn.AspNet.WebApp.Data.csproj" Id="bbfef4f8-7b22-4a72-8b18-73fa38155d30" />
  <Project Path="NoBeard.Learn.AspNet.WebApp.UnitTests/NoBeard.Learn.AspNet.WebApp.UnitTests.csproj" Id="b9b86e38-5662-47bc-83b3-4f4630ef18e3" />
</Solution>
